
Microsoft Visual Studio Solution File, Format Version 12.00
# Visual Studio Version 16
VisualStudioVersion = 16.0.29025.244
MinimumVisualStudioVersion = 10.0.40219.1
Project("{FAE04EC0-301F-11D3-BF4B-00C04F79EFBC}") = "Skilled.Bootstrap", "Skilled.Bootstrap\Skilled.Bootstrap.csproj", "{2C5D52CC-5466-4606-9C74-02EEE86EBA9B}"
EndProject
Project("{FAE04EC0-301F-11D3-BF4B-00C04F79EFBC}") = "Skilled.Domain", "Skilled.Domain\Skilled.Domain.csproj", "{AF4283C2-1BC4-4764-BC06-418912DC308F}"
EndProject
Project("{FAE04EC0-301F-11D3-BF4B-00C04F79EFBC}") = "Skilled.CQRS", "Skilled.CQRS\Skilled.CQRS.csproj", "{06D61233-B59E-45D8-A886-E94068AA73A2}"
EndProject
Project("{FAE04EC0-301F-11D3-BF4B-00C04F79EFBC}") = "Skilled.Infrastructure", "Skilled.Infrastructure\Skilled.Infrastructure.csproj", "{9E2B8BAE-889C-47CA-9CBD-04B17ACAC7E8}"
EndProject
Project("{FAE04EC0-301F-11D3-BF4B-00C04F79EFBC}") = "Skilled.Api", "Skilled.Api\Skilled.Api.csproj", "{DCAAB31B-AFB5-4766-9C47-28445C57C520}"
EndProject
Project("{FAE04EC0-301F-11D3-BF4B-00C04F79EFBC}") = "Skilled.Domain.Tests", "Skilled.Domain.Tests\Skilled.Domain.Tests.csproj", "{0B4C03D1-E1CD-45C0-AF27-05B153D60691}"
EndProject
Global
	GlobalSection(SolutionConfigurationPlatforms) = preSolution
		Debug|Any CPU = Debug|Any CPU
		Release|Any CPU = Release|Any CPU
	EndGlobalSection
	GlobalSection(ProjectConfigurationPlatforms) = postSolution
		{2C5D52CC-5466-4606-9C74-02EEE86EBA9B}.Debug|Any CPU.ActiveCfg = Debug|Any CPU
		{2C5D52CC-5466-4606-9C74-02EEE86EBA9B}.Debug|Any CPU.Build.0 = Debug|Any CPU
		{2C5D52CC-5466-4606-9C74-02EEE86EBA9B}.Release|Any CPU.ActiveCfg = Release|Any CPU
		{2C5D52CC-5466-4606-9C74-02EEE86EBA9B}.Release|Any CPU.Build.0 = Release|Any CPU
		{AF4283C2-1BC4-4764-BC06-418912DC308F}.Debug|Any CPU.ActiveCfg = Debug|Any CPU
		{AF4283C2-1BC4-4764-BC06-418912DC308F}.Debug|Any CPU.Build.0 = Debug|Any CPU
		{AF4283C2-1BC4-4764-BC06-418912DC308F}.Release|Any CPU.ActiveCfg = Release|Any CPU
		{AF4283C2-1BC4-4764-BC06-418912DC308F}.Release|Any CPU.Build.0 = Release|Any CPU
		{06D61233-B59E-45D8-A886-E94068AA73A2}.Debug|Any CPU.ActiveCfg = Debug|Any CPU
		{06D61233-B59E-45D8-A886-E94068AA73A2}.Debug|Any CPU.Build.0 = Debug|Any CPU
		{06D61233-B59E-45D8-A886-E94068AA73A2}.Release|Any CPU.ActiveCfg = Release|Any CPU
		{06D61233-B59E-45D8-A886-E94068AA73A2}.Release|Any CPU.Build.0 = Release|Any CPU
		{9E2B8BAE-889C-47CA-9CBD-04B17ACAC7E8}.Debug|Any CPU.ActiveCfg = Debug|Any CPU
		{9E2B8BAE-889C-47CA-9CBD-04B17ACAC7E8}.Debug|Any CPU.Build.0 = Debug|Any CPU
		{9E2B8BAE-889C-47CA-9CBD-04B17ACAC7E8}.Release|Any CPU.ActiveCfg = Release|Any CPU
		{9E2B8BAE-889C-47CA-9CBD-04B17ACAC7E8}.Release|Any CPU.Build.0 = Release|Any CPU
		{DCAAB31B-AFB5-4766-9C47-28445C57C520}.Debug|Any CPU.ActiveCfg = Debug|Any CPU
		{DCAAB31B-AFB5-4766-9C47-28445C57C520}.Debug|Any CPU.Build.0 = Debug|Any CPU
		{DCAAB31B-AFB5-4766-9C47-28445C57C520}.Release|Any CPU.ActiveCfg = Release|Any CPU
		{DCAAB31B-AFB5-4766-9C47-28445C57C520}.Release|Any CPU.Build.0 = Release|Any CPU
		{0B4C03D1-E1CD-45C0-AF27-05B153D60691}.Debug|Any CPU.ActiveCfg = Debug|Any CPU
		{0B4C03D1-E1CD-45C0-AF27-05B153D60691}.Debug|Any CPU.Build.0 = Debug|Any CPU
		{0B4C03D1-E1CD-45C0-AF27-05B153D60691}.Release|Any CPU.ActiveCfg = Release|Any CPU
		{0B4C03D1-E1CD-45C0-AF27-05B153D60691}.Release|Any CPU.Build.0 = Release|Any CPU
	EndGlobalSection
	GlobalSection(SolutionProperties) = preSolution
		HideSolutionNode = FALSE
	EndGlobalSection
	GlobalSection(ExtensibilityGlobals) = postSolution
		SolutionGuid = {E046E1E9-D5D5-4F96-8D40-BF8C4792B7C4}
	EndGlobalSection
EndGlobal
