
Microsoft Visual Studio Solution File, Format Version 12.00
# Visual Studio Version 16
VisualStudioVersion = 16.0.29025.244
MinimumVisualStudioVersion = 10.0.40219.1
Project("{FAE04EC0-301F-11D3-BF4B-00C04F79EFBC}") = "Skilled.CQRS", "Skilled.CQRS\Skilled.CQRS.csproj", "{06D61233-B59E-45D8-A886-E94068AA73A2}"
EndProject
Project("{FAE04EC0-301F-11D3-BF4B-00C04F79EFBC}") = "Skilled.Business.Core", "Skilled.Business.Core\Skilled.Business.Core.csproj", "{656DFB8B-6ECB-4884-89E1-65828CDC45E4}"
EndProject
Project("{FAE04EC0-301F-11D3-BF4B-00C04F79EFBC}") = "Skilled.Domain", "Skilled.Domain\Skilled.Domain.csproj", "{7BA27546-2C8D-4241-8517-E705D6D7A1E2}"
EndProject
Project("{FAE04EC0-301F-11D3-BF4B-00C04F79EFBC}") = "Skilled.CMS.Api", "Skilled.CMS.Api\Skilled.CMS.Api.csproj", "{06E924C5-643C-4643-9DA4-42171A004461}"
EndProject
Project("{FAE04EC0-301F-11D3-BF4B-00C04F79EFBC}") = "Skilled.CMS.Business", "Skilled.CMS.Business\Skilled.CMS.Business.csproj", "{04E71100-C8AF-4DC3-8657-B5CA9BE0687F}"
EndProject
Project("{FAE04EC0-301F-11D3-BF4B-00C04F79EFBC}") = "Skilled.Frontend.Api", "Skilled.Frontend.Api\Skilled.Frontend.Api.csproj", "{DCAAB31B-AFB5-4766-9C47-28445C57C520}"
EndProject
Project("{FAE04EC0-301F-11D3-BF4B-00C04F79EFBC}") = "Skilled.Frontend.Business", "Skilled.Frontend.Business\Skilled.Frontend.Business.csproj", "{AF4283C2-1BC4-4764-BC06-418912DC308F}"
EndProject
Project("{FAE04EC0-301F-11D3-BF4B-00C04F79EFBC}") = "Skilled.Infrastructure", "Skilled.Frontend.Infrastructure\Skilled.Infrastructure.csproj", "{9E2B8BAE-889C-47CA-9CBD-04B17ACAC7E8}"
EndProject
Project("{FAE04EC0-301F-11D3-BF4B-00C04F79EFBC}") = "Skilled.Bootstrap.Core", "Skilled.Bootstrap.Core\Skilled.Bootstrap.Core.csproj", "{2C5D52CC-5466-4606-9C74-02EEE86EBA9B}"
EndProject
Project("{FAE04EC0-301F-11D3-BF4B-00C04F79EFBC}") = "Skilled.CMS.Business.Tests", "Skilled.CMS.Business.Tests\Skilled.CMS.Business.Tests.csproj", "{0B4C03D1-E1CD-45C0-AF27-05B153D60691}"
EndProject
Global
	GlobalSection(SolutionConfigurationPlatforms) = preSolution
		Debug|Any CPU = Debug|Any CPU
		Release|Any CPU = Release|Any CPU
	EndGlobalSection
	GlobalSection(ProjectConfigurationPlatforms) = postSolution
		{06D61233-B59E-45D8-A886-E94068AA73A2}.Debug|Any CPU.ActiveCfg = Debug|Any CPU
		{06D61233-B59E-45D8-A886-E94068AA73A2}.Debug|Any CPU.Build.0 = Debug|Any CPU
		{06D61233-B59E-45D8-A886-E94068AA73A2}.Release|Any CPU.ActiveCfg = Release|Any CPU
		{06D61233-B59E-45D8-A886-E94068AA73A2}.Release|Any CPU.Build.0 = Release|Any CPU
		{656DFB8B-6ECB-4884-89E1-65828CDC45E4}.Debug|Any CPU.ActiveCfg = Debug|Any CPU
		{656DFB8B-6ECB-4884-89E1-65828CDC45E4}.Debug|Any CPU.Build.0 = Debug|Any CPU
		{656DFB8B-6ECB-4884-89E1-65828CDC45E4}.Release|Any CPU.ActiveCfg = Release|Any CPU
		{656DFB8B-6ECB-4884-89E1-65828CDC45E4}.Release|Any CPU.Build.0 = Release|Any CPU
		{7BA27546-2C8D-4241-8517-E705D6D7A1E2}.Debug|Any CPU.ActiveCfg = Debug|Any CPU
		{7BA27546-2C8D-4241-8517-E705D6D7A1E2}.Debug|Any CPU.Build.0 = Debug|Any CPU
		{7BA27546-2C8D-4241-8517-E705D6D7A1E2}.Release|Any CPU.ActiveCfg = Release|Any CPU
		{7BA27546-2C8D-4241-8517-E705D6D7A1E2}.Release|Any CPU.Build.0 = Release|Any CPU
		{06E924C5-643C-4643-9DA4-42171A004461}.Debug|Any CPU.ActiveCfg = Debug|Any CPU
		{06E924C5-643C-4643-9DA4-42171A004461}.Debug|Any CPU.Build.0 = Debug|Any CPU
		{06E924C5-643C-4643-9DA4-42171A004461}.Release|Any CPU.ActiveCfg = Release|Any CPU
		{06E924C5-643C-4643-9DA4-42171A004461}.Release|Any CPU.Build.0 = Release|Any CPU
		{04E71100-C8AF-4DC3-8657-B5CA9BE0687F}.Debug|Any CPU.ActiveCfg = Debug|Any CPU
		{04E71100-C8AF-4DC3-8657-B5CA9BE0687F}.Debug|Any CPU.Build.0 = Debug|Any CPU
		{04E71100-C8AF-4DC3-8657-B5CA9BE0687F}.Release|Any CPU.ActiveCfg = Release|Any CPU
		{04E71100-C8AF-4DC3-8657-B5CA9BE0687F}.Release|Any CPU.Build.0 = Release|Any CPU
		{DCAAB31B-AFB5-4766-9C47-28445C57C520}.Debug|Any CPU.ActiveCfg = Debug|Any CPU
		{DCAAB31B-AFB5-4766-9C47-28445C57C520}.Debug|Any CPU.Build.0 = Debug|Any CPU
		{DCAAB31B-AFB5-4766-9C47-28445C57C520}.Release|Any CPU.ActiveCfg = Release|Any CPU
		{DCAAB31B-AFB5-4766-9C47-28445C57C520}.Release|Any CPU.Build.0 = Release|Any CPU
		{AF4283C2-1BC4-4764-BC06-418912DC308F}.Debug|Any CPU.ActiveCfg = Debug|Any CPU
		{AF4283C2-1BC4-4764-BC06-418912DC308F}.Debug|Any CPU.Build.0 = Debug|Any CPU
		{AF4283C2-1BC4-4764-BC06-418912DC308F}.Release|Any CPU.ActiveCfg = Release|Any CPU
		{AF4283C2-1BC4-4764-BC06-418912DC308F}.Release|Any CPU.Build.0 = Release|Any CPU
		{9E2B8BAE-889C-47CA-9CBD-04B17ACAC7E8}.Debug|Any CPU.ActiveCfg = Debug|Any CPU
		{9E2B8BAE-889C-47CA-9CBD-04B17ACAC7E8}.Debug|Any CPU.Build.0 = Debug|Any CPU
		{9E2B8BAE-889C-47CA-9CBD-04B17ACAC7E8}.Release|Any CPU.ActiveCfg = Release|Any CPU
		{9E2B8BAE-889C-47CA-9CBD-04B17ACAC7E8}.Release|Any CPU.Build.0 = Release|Any CPU
		{2C5D52CC-5466-4606-9C74-02EEE86EBA9B}.Debug|Any CPU.ActiveCfg = Debug|Any CPU
		{2C5D52CC-5466-4606-9C74-02EEE86EBA9B}.Debug|Any CPU.Build.0 = Debug|Any CPU
		{2C5D52CC-5466-4606-9C74-02EEE86EBA9B}.Release|Any CPU.ActiveCfg = Release|Any CPU
		{2C5D52CC-5466-4606-9C74-02EEE86EBA9B}.Release|Any CPU.Build.0 = Release|Any CPU
		{0B4C03D1-E1CD-45C0-AF27-05B153D60691}.Debug|Any CPU.ActiveCfg = Debug|Any CPU
		{0B4C03D1-E1CD-45C0-AF27-05B153D60691}.Debug|Any CPU.Build.0 = Debug|Any CPU
		{0B4C03D1-E1CD-45C0-AF27-05B153D60691}.Release|Any CPU.ActiveCfg = Release|Any CPU
		{0B4C03D1-E1CD-45C0-AF27-05B153D60691}.Release|Any CPU.Build.0 = Release|Any CPU
	EndGlobalSection
	GlobalSection(SolutionProperties) = preSolution
		HideSolutionNode = FALSE
	EndGlobalSection
	GlobalSection(ExtensibilityGlobals) = postSolution
		SolutionGuid = {E046E1E9-D5D5-4F96-8D40-BF8C4792B7C4}
	EndGlobalSection
EndGlobal
